
Microsoft Visual Studio Solution File, Format Version 12.00
# Visual Studio Version 17
VisualStudioVersion = 17.3.32929.385
MinimumVisualStudioVersion = 10.0.40219.1
Project("{8BC9CEB8-8B4A-11D0-8D11-00A0C91BC942}") = "cv_hfs", "cv_hfs.vcxproj", "{80F6FD58-F11E-423C-AC7C-6AAE9D3835C5}"
EndProject
Global
	GlobalSection(SolutionConfigurationPlatforms) = preSolution
		Debug|x64 = Debug|x64
		Debug|x86 = Debug|x86
		Release|x64 = Release|x64
		Release|x86 = Release|x86
	EndGlobalSection
	GlobalSection(ProjectConfigurationPlatforms) = postSolution
		{80F6FD58-F11E-423C-AC7C-6AAE9D3835C5}.Debug|x64.ActiveCfg = Debug|x64
		{80F6FD58-F11E-423C-AC7C-6AAE9D3835C5}.Debug|x64.Build.0 = Debug|x64
		{80F6FD58-F11E-423C-AC7C-6AAE9D3835C5}.Debug|x86.ActiveCfg = Debug|Win32
		{80F6FD58-F11E-423C-AC7C-6AAE9D3835C5}.Debug|x86.Build.0 = Debug|Win32
		{80F6FD58-F11E-423C-AC7C-6AAE9D3835C5}.Release|x64.ActiveCfg = Release|x64
		{80F6FD58-F11E-423C-AC7C-6AAE9D3835C5}.Release|x64.Build.0 = Release|x64
		{80F6FD58-F11E-423C-AC7C-6AAE9D3835C5}.Release|x86.ActiveCfg = Release|Win32
		{80F6FD58-F11E-423C-AC7C-6AAE9D3835C5}.Release|x86.Build.0 = Release|Win32
	EndGlobalSection
	GlobalSection(SolutionProperties) = preSolution
		HideSolutionNode = FALSE
	EndGlobalSection
	GlobalSection(ExtensibilityGlobals) = postSolution
		SolutionGuid = {32256F75-D21F-4666-9778-B02C2E7CB6B5}
	EndGlobalSection
EndGlobal
